// !$*UTF8*$!
{
	archiveVersion = 1;
	classes = {
	};
	objectVersion = 50;
	objects = {

/* Begin PBXBuildFile section */
		723217182118ACB10092A944 /* AppDelegate.swift in Sources */ = {isa = PBXBuildFile; fileRef = 723217172118ACB10092A944 /* AppDelegate.swift */; };
		7232171A2118ACB10092A944 /* ViewController.swift in Sources */ = {isa = PBXBuildFile; fileRef = 723217192118ACB10092A944 /* ViewController.swift */; };
		7232171D2118ACB10092A944 /* Main.storyboard in Resources */ = {isa = PBXBuildFile; fileRef = 7232171B2118ACB10092A944 /* Main.storyboard */; };
		7232171F2118ACB20092A944 /* Assets.xcassets in Resources */ = {isa = PBXBuildFile; fileRef = 7232171E2118ACB20092A944 /* Assets.xcassets */; };
		723217222118ACB20092A944 /* LaunchScreen.storyboard in Resources */ = {isa = PBXBuildFile; fileRef = 723217202118ACB20092A944 /* LaunchScreen.storyboard */; };
		723217302118AD820092A944 /* ActionViewController.swift in Sources */ = {isa = PBXBuildFile; fileRef = 7232172F2118AD820092A944 /* ActionViewController.swift */; };
		723217332118AD820092A944 /* MainInterface.storyboard in Resources */ = {isa = PBXBuildFile; fileRef = 723217312118AD820092A944 /* MainInterface.storyboard */; };
		723217372118AD820092A944 /* Extension.appex in Embed App Extensions */ = {isa = PBXBuildFile; fileRef = 7232172D2118AD820092A944 /* Extension.appex */; settings = {ATTRIBUTES = (RemoveHeadersOnCopy, ); }; };
		7232173D2118D6980092A944 /* Action.js in Resources */ = {isa = PBXBuildFile; fileRef = 7232173C2118D6980092A944 /* Action.js */; };
/* End PBXBuildFile section */

/* Begin PBXContainerItemProxy section */
		723217352118AD820092A944 /* PBXContainerItemProxy */ = {
			isa = PBXContainerItemProxy;
			containerPortal = 7232170C2118ACB10092A944 /* Project object */;
			proxyType = 1;
			remoteGlobalIDString = 7232172C2118AD820092A944;
			remoteInfo = Extension;
		};
/* End PBXContainerItemProxy section */

/* Begin PBXCopyFilesBuildPhase section */
		7232173B2118AD820092A944 /* Embed App Extensions */ = {
			isa = PBXCopyFilesBuildPhase;
			buildActionMask = 2147483647;
			dstPath = "";
			dstSubfolderSpec = 13;
			files = (
				723217372118AD820092A944 /* Extension.appex in Embed App Extensions */,
			);
			name = "Embed App Extensions";
			runOnlyForDeploymentPostprocessing = 0;
		};
/* End PBXCopyFilesBuildPhase section */

/* Begin PBXFileReference section */
		723217142118ACB10092A944 /* Safari extension(JavaScript Injection).app */ = {isa = PBXFileReference; explicitFileType = wrapper.application; includeInIndex = 0; path = "Safari extension(JavaScript Injection).app"; sourceTree = BUILT_PRODUCTS_DIR; };
		723217172118ACB10092A944 /* AppDelegate.swift */ = {isa = PBXFileReference; lastKnownFileType = sourcecode.swift; path = AppDelegate.swift; sourceTree = "<group>"; };
		723217192118ACB10092A944 /* ViewController.swift */ = {isa = PBXFileReference; lastKnownFileType = sourcecode.swift; path = ViewController.swift; sourceTree = "<group>"; };
		7232171C2118ACB10092A944 /* Base */ = {isa = PBXFileReference; lastKnownFileType = file.storyboard; name = Base; path = Base.lproj/Main.storyboard; sourceTree = "<group>"; };
		7232171E2118ACB20092A944 /* Assets.xcassets */ = {isa = PBXFileReference; lastKnownFileType = folder.assetcatalog; path = Assets.xcassets; sourceTree = "<group>"; };
		723217212118ACB20092A944 /* Base */ = {isa = PBXFileReference; lastKnownFileType = file.storyboard; name = Base; path = Base.lproj/LaunchScreen.storyboard; sourceTree = "<group>"; };
		723217232118ACB20092A944 /* Info.plist */ = {isa = PBXFileReference; lastKnownFileType = text.plist.xml; path = Info.plist; sourceTree = "<group>"; };
		7232172D2118AD820092A944 /* Extension.appex */ = {isa = PBXFileReference; explicitFileType = "wrapper.app-extension"; includeInIndex = 0; path = Extension.appex; sourceTree = BUILT_PRODUCTS_DIR; };
		7232172F2118AD820092A944 /* ActionViewController.swift */ = {isa = PBXFileReference; lastKnownFileType = sourcecode.swift; path = ActionViewController.swift; sourceTree = "<group>"; };
		723217322118AD820092A944 /* Base */ = {isa = PBXFileReference; lastKnownFileType = file.storyboard; name = Base; path = Base.lproj/MainInterface.storyboard; sourceTree = "<group>"; };
		723217342118AD820092A944 /* Info.plist */ = {isa = PBXFileReference; lastKnownFileType = text.plist.xml; path = Info.plist; sourceTree = "<group>"; };
		7232173C2118D6980092A944 /* Action.js */ = {isa = PBXFileReference; lastKnownFileType = sourcecode.javascript; path = Action.js; sourceTree = "<group>"; };
/* End PBXFileReference section */

/* Begin PBXFrameworksBuildPhase section */
		723217112118ACB10092A944 /* Frameworks */ = {
			isa = PBXFrameworksBuildPhase;
			buildActionMask = 2147483647;
			files = (
			);
			runOnlyForDeploymentPostprocessing = 0;
		};
		7232172A2118AD820092A944 /* Frameworks */ = {
			isa = PBXFrameworksBuildPhase;
			buildActionMask = 2147483647;
			files = (
			);
			runOnlyForDeploymentPostprocessing = 0;
		};
/* End PBXFrameworksBuildPhase section */

/* Begin PBXGroup section */
		7232170B2118ACB10092A944 = {
			isa = PBXGroup;
			children = (
				723217162118ACB10092A944 /* Safari extension(JavaScript Injection) */,
				7232172E2118AD820092A944 /* Extension */,
				723217152118ACB10092A944 /* Products */,
			);
			sourceTree = "<group>";
		};
		723217152118ACB10092A944 /* Products */ = {
			isa = PBXGroup;
			children = (
				723217142118ACB10092A944 /* Safari extension(JavaScript Injection).app */,
				7232172D2118AD820092A944 /* Extension.appex */,
			);
			name = Products;
			sourceTree = "<group>";
		};
		723217162118ACB10092A944 /* Safari extension(JavaScript Injection) */ = {
			isa = PBXGroup;
			children = (
				723217172118ACB10092A944 /* AppDelegate.swift */,
				723217192118ACB10092A944 /* ViewController.swift */,
				7232171B2118ACB10092A944 /* Main.storyboard */,
				7232171E2118ACB20092A944 /* Assets.xcassets */,
				723217202118ACB20092A944 /* LaunchScreen.storyboard */,
				723217232118ACB20092A944 /* Info.plist */,
			);
			path = "Safari extension(JavaScript Injection)";
			sourceTree = "<group>";
		};
		7232172E2118AD820092A944 /* Extension */ = {
			isa = PBXGroup;
			children = (
				7232172F2118AD820092A944 /* ActionViewController.swift */,
				723217312118AD820092A944 /* MainInterface.storyboard */,
				723217342118AD820092A944 /* Info.plist */,
				7232173C2118D6980092A944 /* Action.js */,
			);
			path = Extension;
			sourceTree = "<group>";
		};
/* End PBXGroup section */

/* Begin PBXNativeTarget section */
		723217132118ACB10092A944 /* Safari extension(JavaScript Injection) */ = {
			isa = PBXNativeTarget;
			buildConfigurationList = 723217262118ACB20092A944 /* Build configuration list for PBXNativeTarget "Safari extension(JavaScript Injection)" */;
			buildPhases = (
				723217102118ACB10092A944 /* Sources */,
				723217112118ACB10092A944 /* Frameworks */,
				723217122118ACB10092A944 /* Resources */,
				7232173B2118AD820092A944 /* Embed App Extensions */,
			);
			buildRules = (
			);
			dependencies = (
				723217362118AD820092A944 /* PBXTargetDependency */,
			);
			name = "Safari extension(JavaScript Injection)";
			productName = "Safari extension(JavaScript Injection)";
			productReference = 723217142118ACB10092A944 /* Safari extension(JavaScript Injection).app */;
			productType = "com.apple.product-type.application";
		};
		7232172C2118AD820092A944 /* Extension */ = {
			isa = PBXNativeTarget;
			buildConfigurationList = 723217382118AD820092A944 /* Build configuration list for PBXNativeTarget "Extension" */;
			buildPhases = (
				723217292118AD820092A944 /* Sources */,
				7232172A2118AD820092A944 /* Frameworks */,
				7232172B2118AD820092A944 /* Resources */,
			);
			buildRules = (
			);
			dependencies = (
			);
			name = Extension;
			productName = Extension;
			productReference = 7232172D2118AD820092A944 /* Extension.appex */;
			productType = "com.apple.product-type.app-extension";
		};
/* End PBXNativeTarget section */

/* Begin PBXProject section */
		7232170C2118ACB10092A944 /* Project object */ = {
			isa = PBXProject;
			attributes = {
				LastSwiftUpdateCheck = 0940;
				LastUpgradeCheck = 0940;
				ORGANIZATIONNAME = "Артур Азаров";
				TargetAttributes = {
					723217132118ACB10092A944 = {
						CreatedOnToolsVersion = 9.4.1;
					};
					7232172C2118AD820092A944 = {
						CreatedOnToolsVersion = 9.4.1;
					};
				};
			};
			buildConfigurationList = 7232170F2118ACB10092A944 /* Build configuration list for PBXProject "Safari extension(JavaScript Injection)" */;
			compatibilityVersion = "Xcode 9.3";
			developmentRegion = en;
			hasScannedForEncodings = 0;
			knownRegions = (
				en,
				Base,
			);
			mainGroup = 7232170B2118ACB10092A944;
			productRefGroup = 723217152118ACB10092A944 /* Products */;
			projectDirPath = "";
			projectRoot = "";
			targets = (
				723217132118ACB10092A944 /* Safari extension(JavaScript Injection) */,
				7232172C2118AD820092A944 /* Extension */,
			);
		};
/* End PBXProject section */

/* Begin PBXResourcesBuildPhase section */
		723217122118ACB10092A944 /* Resources */ = {
			isa = PBXResourcesBuildPhase;
			buildActionMask = 2147483647;
			files = (
				723217222118ACB20092A944 /* LaunchScreen.storyboard in Resources */,
				7232171F2118ACB20092A944 /* Assets.xcassets in Resources */,
				7232171D2118ACB10092A944 /* Main.storyboard in Resources */,
			);
			runOnlyForDeploymentPostprocessing = 0;
		};
		7232172B2118AD820092A944 /* Resources */ = {
			isa = PBXResourcesBuildPhase;
			buildActionMask = 2147483647;
			files = (
				7232173D2118D6980092A944 /* Action.js in Resources */,
				723217332118AD820092A944 /* MainInterface.storyboard in Resources */,
			);
			runOnlyForDeploymentPostprocessing = 0;
		};
/* End PBXResourcesBuildPhase section */

/* Begin PBXSourcesBuildPhase section */
		723217102118ACB10092A944 /* Sources */ = {
			isa = PBXSourcesBuildPhase;
			buildActionMask = 2147483647;
			files = (
				7232171A2118ACB10092A944 /* ViewController.swift in Sources */,
				723217182118ACB10092A944 /* AppDelegate.swift in Sources */,
			);
			runOnlyForDeploymentPostprocessing = 0;
		};
		723217292118AD820092A944 /* Sources */ = {
			isa = PBXSourcesBuildPhase;
			buildActionMask = 2147483647;
			files = (
				723217302118AD820092A944 /* ActionViewController.swift in Sources */,
			);
			runOnlyForDeploymentPostprocessing = 0;
		};
/* End PBXSourcesBuildPhase section */

/* Begin PBXTargetDependency section */
		723217362118AD820092A944 /* PBXTargetDependency */ = {
			isa = PBXTargetDependency;
			target = 7232172C2118AD820092A944 /* Extension */;
			targetProxy = 723217352118AD820092A944 /* PBXContainerItemProxy */;
		};
/* End PBXTargetDependency section */

/* Begin PBXVariantGroup section */
		7232171B2118ACB10092A944 /* Main.storyboard */ = {
			isa = PBXVariantGroup;
			children = (
				7232171C2118ACB10092A944 /* Base */,
			);
			name = Main.storyboard;
			sourceTree = "<group>";
		};
		723217202118ACB20092A944 /* LaunchScreen.storyboard */ = {
			isa = PBXVariantGroup;
			children = (
				723217212118ACB20092A944 /* Base */,
			);
			name = LaunchScreen.storyboard;
			sourceTree = "<group>";
		};
		723217312118AD820092A944 /* MainInterface.storyboard */ = {
			isa = PBXVariantGroup;
			children = (
				723217322118AD820092A944 /* Base */,
			);
			name = MainInterface.storyboard;
			sourceTree = "<group>";
		};
/* End PBXVariantGroup section */

/* Begin XCBuildConfiguration section */
		723217242118ACB20092A944 /* Debug */ = {
			isa = XCBuildConfiguration;
			buildSettings = {
				ALWAYS_SEARCH_USER_PATHS = NO;
				CLANG_ANALYZER_NONNULL = YES;
				CLANG_ANALYZER_NUMBER_OBJECT_CONVERSION = YES_AGGRESSIVE;
				CLANG_CXX_LANGUAGE_STANDARD = "gnu++14";
				CLANG_CXX_LIBRARY = "libc++";
				CLANG_ENABLE_MODULES = YES;
				CLANG_ENABLE_OBJC_ARC = YES;
				CLANG_ENABLE_OBJC_WEAK = YES;
				CLANG_WARN_BLOCK_CAPTURE_AUTORELEASING = YES;
				CLANG_WARN_BOOL_CONVERSION = YES;
				CLANG_WARN_COMMA = YES;
				CLANG_WARN_CONSTANT_CONVERSION = YES;
				CLANG_WARN_DEPRECATED_OBJC_IMPLEMENTATIONS = YES;
				CLANG_WARN_DIRECT_OBJC_ISA_USAGE = YES_ERROR;
				CLANG_WARN_DOCUMENTATION_COMMENTS = YES;
				CLANG_WARN_EMPTY_BODY = YES;
				CLANG_WARN_ENUM_CONVERSION = YES;
				CLANG_WARN_INFINITE_RECURSION = YES;
				CLANG_WARN_INT_CONVERSION = YES;
				CLANG_WARN_NON_LITERAL_NULL_CONVERSION = YES;
				CLANG_WARN_OBJC_IMPLICIT_RETAIN_SELF = YES;
				CLANG_WARN_OBJC_LITERAL_CONVERSION = YES;
				CLANG_WARN_OBJC_ROOT_CLASS = YES_ERROR;
				CLANG_WARN_RANGE_LOOP_ANALYSIS = YES;
				CLANG_WARN_STRICT_PROTOTYPES = YES;
				CLANG_WARN_SUSPICIOUS_MOVE = YES;
				CLANG_WARN_UNGUARDED_AVAILABILITY = YES_AGGRESSIVE;
				CLANG_WARN_UNREACHABLE_CODE = YES;
				CLANG_WARN__DUPLICATE_METHOD_MATCH = YES;
				CODE_SIGN_IDENTITY = "iPhone Developer";
				COPY_PHASE_STRIP = NO;
				DEBUG_INFORMATION_FORMAT = dwarf;
				ENABLE_STRICT_OBJC_MSGSEND = YES;
				ENABLE_TESTABILITY = YES;
				GCC_C_LANGUAGE_STANDARD = gnu11;
				GCC_DYNAMIC_NO_PIC = NO;
				GCC_NO_COMMON_BLOCKS = YES;
				GCC_OPTIMIZATION_LEVEL = 0;
				GCC_PREPROCESSOR_DEFINITIONS = (
					"DEBUG=1",
					"$(inherited)",
				);
				GCC_WARN_64_TO_32_BIT_CONVERSION = YES;
				GCC_WARN_ABOUT_RETURN_TYPE = YES_ERROR;
				GCC_WARN_UNDECLARED_SELECTOR = YES;
				GCC_WARN_UNINITIALIZED_AUTOS = YES_AGGRESSIVE;
				GCC_WARN_UNUSED_FUNCTION = YES;
				GCC_WARN_UNUSED_VARIABLE = YES;
				IPHONEOS_DEPLOYMENT_TARGET = 11.4;
				MTL_ENABLE_DEBUG_INFO = YES;
				ONLY_ACTIVE_ARCH = YES;
				SDKROOT = iphoneos;
				SWIFT_ACTIVE_COMPILATION_CONDITIONS = DEBUG;
				SWIFT_OPTIMIZATION_LEVEL = "-Onone";
			};
			name = Debug;
		};
		723217252118ACB20092A944 /* Release */ = {
			isa = XCBuildConfiguration;
			buildSettings = {
				ALWAYS_SEARCH_USER_PATHS = NO;
				CLANG_ANALYZER_NONNULL = YES;
				CLANG_ANALYZER_NUMBER_OBJECT_CONVERSION = YES_AGGRESSIVE;
				CLANG_CXX_LANGUAGE_STANDARD = "gnu++14";
				CLANG_CXX_LIBRARY = "libc++";
				CLANG_ENABLE_MODULES = YES;
				CLANG_ENABLE_OBJC_ARC = YES;
				CLANG_ENABLE_OBJC_WEAK = YES;
				CLANG_WARN_BLOCK_CAPTURE_AUTORELEASING = YES;
				CLANG_WARN_BOOL_CONVERSION = YES;
				CLANG_WARN_COMMA = YES;
				CLANG_WARN_CONSTANT_CONVERSION = YES;
				CLANG_WARN_DEPRECATED_OBJC_IMPLEMENTATIONS = YES;
				CLANG_WARN_DIRECT_OBJC_ISA_USAGE = YES_ERROR;
				CLANG_WARN_DOCUMENTATION_COMMENTS = YES;
				CLANG_WARN_EMPTY_BODY = YES;
				CLANG_WARN_ENUM_CONVERSION = YES;
				CLANG_WARN_INFINITE_RECURSION = YES;
				CLANG_WARN_INT_CONVERSION = YES;
				CLANG_WARN_NON_LITERAL_NULL_CONVERSION = YES;
				CLANG_WARN_OBJC_IMPLICIT_RETAIN_SELF = YES;
				CLANG_WARN_OBJC_LITERAL_CONVERSION = YES;
				CLANG_WARN_OBJC_ROOT_CLASS = YES_ERROR;
				CLANG_WARN_RANGE_LOOP_ANALYSIS = YES;
				CLANG_WARN_STRICT_PROTOTYPES = YES;
				CLANG_WARN_SUSPICIOUS_MOVE = YES;
				CLANG_WARN_UNGUARDED_AVAILABILITY = YES_AGGRESSIVE;
				CLANG_WARN_UNREACHABLE_CODE = YES;
				CLANG_WARN__DUPLICATE_METHOD_MATCH = YES;
				CODE_SIGN_IDENTITY = "iPhone Developer";
				COPY_PHASE_STRIP = NO;
				DEBUG_INFORMATION_FORMAT = "dwarf-with-dsym";
				ENABLE_NS_ASSERTIONS = NO;
				ENABLE_STRICT_OBJC_MSGSEND = YES;
				GCC_C_LANGUAGE_STANDARD = gnu11;
				GCC_NO_COMMON_BLOCKS = YES;
				GCC_WARN_64_TO_32_BIT_CONVERSION = YES;
				GCC_WARN_ABOUT_RETURN_TYPE = YES_ERROR;
				GCC_WARN_UNDECLARED_SELECTOR = YES;
				GCC_WARN_UNINITIALIZED_AUTOS = YES_AGGRESSIVE;
				GCC_WARN_UNUSED_FUNCTION = YES;
				GCC_WARN_UNUSED_VARIABLE = YES;
				IPHONEOS_DEPLOYMENT_TARGET = 11.4;
				MTL_ENABLE_DEBUG_INFO = NO;
				SDKROOT = iphoneos;
				SWIFT_COMPILATION_MODE = wholemodule;
				SWIFT_OPTIMIZATION_LEVEL = "-O";
				VALIDATE_PRODUCT = YES;
			};
			name = Release;
		};
		723217272118ACB20092A944 /* Debug */ = {
			isa = XCBuildConfiguration;
			buildSettings = {
				ALWAYS_EMBED_SWIFT_STANDARD_LIBRARIES = YES;
				ASSETCATALOG_COMPILER_APPICON_NAME = AppIcon;
				CODE_SIGN_STYLE = Automatic;
				INFOPLIST_FILE = "Safari extension(JavaScript Injection)/Info.plist";
				LD_RUNPATH_SEARCH_PATHS = (
					"$(inherited)",
					"@executable_path/Frameworks",
				);
				PRODUCT_BUNDLE_IDENTIFIER = "com.arturazarau.Safari-extension-JavaScript-Injection-";
				PRODUCT_NAME = "$(TARGET_NAME)";
				SWIFT_VERSION = 4.0;
				TARGETED_DEVICE_FAMILY = "1,2";
			};
			name = Debug;
		};
		723217282118ACB20092A944 /* Release */ = {
			isa = XCBuildConfiguration;
			buildSettings = {
				ALWAYS_EMBED_SWIFT_STANDARD_LIBRARIES = YES;
				ASSETCATALOG_COMPILER_APPICON_NAME = AppIcon;
				CODE_SIGN_STYLE = Automatic;
				INFOPLIST_FILE = "Safari extension(JavaScript Injection)/Info.plist";
				LD_RUNPATH_SEARCH_PATHS = (
					"$(inherited)",
					"@executable_path/Frameworks",
				);
				PRODUCT_BUNDLE_IDENTIFIER = "com.arturazarau.Safari-extension-JavaScript-Injection-";
				PRODUCT_NAME = "$(TARGET_NAME)";
				SWIFT_VERSION = 4.0;
				TARGETED_DEVICE_FAMILY = "1,2";
			};
			name = Release;
		};
		723217392118AD820092A944 /* Debug */ = {
			isa = XCBuildConfiguration;
			buildSettings = {
				CODE_SIGN_STYLE = Automatic;
				INFOPLIST_FILE = Extension/Info.plist;
				LD_RUNPATH_SEARCH_PATHS = (
					"$(inherited)",
					"@executable_path/Frameworks",
					"@executable_path/../../Frameworks",
				);
				PRODUCT_BUNDLE_IDENTIFIER = "com.arturazarau.Safari-extension-JavaScript-Injection-.Extension";
				PRODUCT_NAME = "$(TARGET_NAME)";
				SKIP_INSTALL = YES;
				SWIFT_VERSION = 4.0;
				TARGETED_DEVICE_FAMILY = "1,2";
			};
			name = Debug;
		};
		7232173A2118AD820092A944 /* Release */ = {
			isa = XCBuildConfiguration;
			buildSettings = {
				CODE_SIGN_STYLE = Automatic;
				INFOPLIST_FILE = Extension/Info.plist;
				LD_RUNPATH_SEARCH_PATHS = (
					"$(inherited)",
					"@executable_path/Frameworks",
					"@executable_path/../../Frameworks",
				);
				PRODUCT_BUNDLE_IDENTIFIER = "com.arturazarau.Safari-extension-JavaScript-Injection-.Extension";
				PRODUCT_NAME = "$(TARGET_NAME)";
				SKIP_INSTALL = YES;
				SWIFT_VERSION = 4.0;
				TARGETED_DEVICE_FAMILY = "1,2";
			};
			name = Release;
		};
/* End XCBuildConfiguration section */

/* Begin XCConfigurationList section */
		7232170F2118ACB10092A944 /* Build configuration list for PBXProject "Safari extension(JavaScript Injection)" */ = {
			isa = XCConfigurationList;
			buildConfigurations = (
				723217242118ACB20092A944 /* Debug */,
				723217252118ACB20092A944 /* Release */,
			);
			defaultConfigurationIsVisible = 0;
			defaultConfigurationName = Release;
		};
		723217262118ACB20092A944 /* Build configuration list for PBXNativeTarget "Safari extension(JavaScript Injection)" */ = {
			isa = XCConfigurationList;
			buildConfigurations = (
				723217272118ACB20092A944 /* Debug */,
				723217282118ACB20092A944 /* Release */,
			);
			defaultConfigurationIsVisible = 0;
			defaultConfigurationName = Release;
		};
		723217382118AD820092A944 /* Build configuration list for PBXNativeTarget "Extension" */ = {
			isa = XCConfigurationList;
			buildConfigurations = (
				723217392118AD820092A944 /* Debug */,
				7232173A2118AD820092A944 /* Release */,
			);
			defaultConfigurationIsVisible = 0;
			defaultConfigurationName = Release;
		};
/* End XCConfigurationList section */
	};
	rootObject = 7232170C2118ACB10092A944 /* Project object */;
}
